
Microsoft Visual Studio Solution File, Format Version 12.00
# Visual Studio 15
VisualStudioVersion = 15.0.28307.421
MinimumVisualStudioVersion = 10.0.40219.1
Project("{FAE04EC0-301F-11D3-BF4B-00C04F79EFBC}") = "ExploringNETFramework", "ExploringNETFramework\ExploringNETFramework.csproj", "{3EED6128-14EC-47DD-A31C-DF3C7002A614}"
EndProject
Global
	GlobalSection(SolutionConfigurationPlatforms) = preSolution
		Debug|Any CPU = Debug|Any CPU
		Release|Any CPU = Release|Any CPU
	EndGlobalSection
	GlobalSection(ProjectConfigurationPlatforms) = postSolution
		{3EED6128-14EC-47DD-A31C-DF3C7002A614}.Debug|Any CPU.ActiveCfg = Debug|Any CPU
		{3EED6128-14EC-47DD-A31C-DF3C7002A614}.Debug|Any CPU.Build.0 = Debug|Any CPU
		{3EED6128-14EC-47DD-A31C-DF3C7002A614}.Release|Any CPU.ActiveCfg = Release|Any CPU
		{3EED6128-14EC-47DD-A31C-DF3C7002A614}.Release|Any CPU.Build.0 = Release|Any CPU
	EndGlobalSection
	GlobalSection(SolutionProperties) = preSolution
		HideSolutionNode = FALSE
	EndGlobalSection
	GlobalSection(ExtensibilityGlobals) = postSolution
		SolutionGuid = {9E61C641-77BC-4848-991E-46C75AB78FC6}
	EndGlobalSection
EndGlobal
