
Microsoft Visual Studio Solution File, Format Version 12.00
# Visual Studio 15
VisualStudioVersion = 15.0.28307.421
MinimumVisualStudioVersion = 10.0.40219.1
Project("{FAE04EC0-301F-11D3-BF4B-00C04F79EFBC}") = "PropiertyTutorials", "PropiertyTutorials\PropiertyTutorials.csproj", "{F9F2FD03-43E9-4BEB-8D59-2AF88A4E040B}"
EndProject
Project("{FAE04EC0-301F-11D3-BF4B-00C04F79EFBC}") = "MyLibrary", "MyLibrary\MyLibrary.csproj", "{D942DFB6-8227-4549-B5F4-F7E9A361A501}"
EndProject
Global
	GlobalSection(SolutionConfigurationPlatforms) = preSolution
		Debug|Any CPU = Debug|Any CPU
		Release|Any CPU = Release|Any CPU
	EndGlobalSection
	GlobalSection(ProjectConfigurationPlatforms) = postSolution
		{F9F2FD03-43E9-4BEB-8D59-2AF88A4E040B}.Debug|Any CPU.ActiveCfg = Debug|Any CPU
		{F9F2FD03-43E9-4BEB-8D59-2AF88A4E040B}.Debug|Any CPU.Build.0 = Debug|Any CPU
		{F9F2FD03-43E9-4BEB-8D59-2AF88A4E040B}.Release|Any CPU.ActiveCfg = Release|Any CPU
		{F9F2FD03-43E9-4BEB-8D59-2AF88A4E040B}.Release|Any CPU.Build.0 = Release|Any CPU
		{D942DFB6-8227-4549-B5F4-F7E9A361A501}.Debug|Any CPU.ActiveCfg = Debug|Any CPU
		{D942DFB6-8227-4549-B5F4-F7E9A361A501}.Debug|Any CPU.Build.0 = Debug|Any CPU
		{D942DFB6-8227-4549-B5F4-F7E9A361A501}.Release|Any CPU.ActiveCfg = Release|Any CPU
		{D942DFB6-8227-4549-B5F4-F7E9A361A501}.Release|Any CPU.Build.0 = Release|Any CPU
	EndGlobalSection
	GlobalSection(SolutionProperties) = preSolution
		HideSolutionNode = FALSE
	EndGlobalSection
	GlobalSection(ExtensibilityGlobals) = postSolution
		SolutionGuid = {02F59AC7-B3CA-4C57-8D50-AC3302E7CFD2}
	EndGlobalSection
EndGlobal
