{
  "requires": true,
  "lockfileVersion": 1,
  "dependencies": {
    "require-handlebars-plugin": {
      "version": "1.0.0",
      "resolved": "https://registry.npmjs.org/require-handlebars-plugin/-/require-handlebars-plugin-1.0.0.tgz",
      "integrity": "sha1-yg/ERaDj0OEmr1qxyAB6bQlsKXk="
    }
  }
}
